
Microsoft Visual Studio Solution File, Format Version 12.00
# Visual Studio Version 18
VisualStudioVersion = 18.1.11312.151
MinimumVisualStudioVersion = 10.0.40219.1
Project("{FAE04EC0-301F-11D3-BF4B-00C04F79EFBC}") = "SQB.ApiGateway", "SQB.ApiGateway\SQB.ApiGateway.csproj", "{437A8129-5362-4C14-97B6-0B3EBD0AA76B}"
EndProject
Project("{2150E333-8FDC-42A3-9474-1A3956D46DE8}") = "src", "src", "{7F8BC835-3664-458E-A51E-0B46A34E7369}"
EndProject
Project("{FAE04EC0-301F-11D3-BF4B-00C04F79EFBC}") = "SQB.Auth.UnitTests", "SQB.Auth.UnitTests\SQB.Auth.UnitTests.csproj", "{A3762E9F-B516-4A27-A341-BFD76698B17C}"
EndProject
Project("{2150E333-8FDC-42A3-9474-1A3956D46DE8}") = "test", "test", "{2E95407D-ABAF-4607-961D-EC2CDE25267B}"
EndProject
Project("{FAE04EC0-301F-11D3-BF4B-00C04F79EFBC}") = "SQB.Auth.Api", "SQB.Auth.Api\SQB.Auth.Api.csproj", "{059821D9-DFC5-48D1-8299-F574F00EC6EA}"
EndProject
Project("{FAE04EC0-301F-11D3-BF4B-00C04F79EFBC}") = "SQB.Shared", "SQB.Shared\SQB.Shared.csproj", "{85CBD9F2-6A8C-4263-9D6A-0D4011331AAC}"
EndProject
Project("{FAE04EC0-301F-11D3-BF4B-00C04F79EFBC}") = "SQB.QueryExecution.Api", "SQB.QueryExecution.Api\SQB.QueryExecution.Api.csproj", "{2319B47F-0520-4DC7-9533-9408FF95722E}"
EndProject
Project("{FAE04EC0-301F-11D3-BF4B-00C04F79EFBC}") = "SQB.Compiler.Api", "SQB.Compiler.Api\SQB.Compiler.Api.csproj", "{97C89F2A-0E97-420B-A4A2-42A5C29C6904}"
EndProject
Project("{FAE04EC0-301F-11D3-BF4B-00C04F79EFBC}") = "SQB.Auth.Infrastructure", "SQB.Auth.Infrastructure\SQB.Auth.Infrastructure.csproj", "{E54978D0-18A1-4082-9DA7-C93495AA814F}"
EndProject
Project("{FAE04EC0-301F-11D3-BF4B-00C04F79EFBC}") = "SQB.Auth.Domain", "SQB.Auth.Domain\SQB.Auth.Domain.csproj", "{2840C81F-CB7C-4CB7-BE0A-4F04387E14C0}"
EndProject
Project("{FAE04EC0-301F-11D3-BF4B-00C04F79EFBC}") = "SQB.Auth.Application", "SQB.Auth.Application\SQB.Auth.Application.csproj", "{C121560B-0359-4C33-A33D-82039ABCE404}"
EndProject
Project("{FAE04EC0-301F-11D3-BF4B-00C04F79EFBC}") = "SQB.Compiler.Application", "SQB.Compiler.Application\SQB.Compiler.Application.csproj", "{1863644E-7424-4120-8EE6-3559F5A073D6}"
EndProject
Project("{FAE04EC0-301F-11D3-BF4B-00C04F79EFBC}") = "SQB.Compiler.UnitTests", "SQB.Compiler.UnitTests\SQB.Compiler.UnitTests.csproj", "{6559449B-4E59-4302-9E24-E61DD092ED8F}"
EndProject
Project("{FAE04EC0-301F-11D3-BF4B-00C04F79EFBC}") = "SQB.QueryExecution.UnitTests", "SQB.QueryExecution.UnitTests\SQB.QueryExecution.UnitTests.csproj", "{899A4784-434C-407D-9C8F-C87A3A007E34}"
EndProject
Project("{FAE04EC0-301F-11D3-BF4B-00C04F79EFBC}") = "SQB.QueryExecution.Application", "SQB.QueryExecution.Application\SQB.QueryExecution.Application.csproj", "{69565CAA-65E4-4098-A759-98B697CEBC3D}"
EndProject
Project("{FAE04EC0-301F-11D3-BF4B-00C04F79EFBC}") = "SQB.QueryExecution.Domain", "SQB.QueryExecution.Domain\SQB.QueryExecution.Domain.csproj", "{B1185FD2-711B-4F24-AC7D-C9F042EFEB91}"
EndProject
Project("{FAE04EC0-301F-11D3-BF4B-00C04F79EFBC}") = "SQB.QueryExecution.Infrastructure", "SQB.QueryExecution.Infrastructure\SQB.QueryExecution.Infrastructure.csproj", "{13F91BDB-E312-479F-9E55-4A9256E12EF3}"
EndProject
Project("{FAE04EC0-301F-11D3-BF4B-00C04F79EFBC}") = "SQB.Compiler.Domain", "SQB.Compiler.Domain\SQB.Compiler.Domain.csproj", "{99CA120A-EA46-43A3-A327-BA9AF9D5C18E}"
EndProject
Project("{FAE04EC0-301F-11D3-BF4B-00C04F79EFBC}") = "SQB.Compiler.Infrastructure", "SQB.Compiler.Infrastructure\SQB.Compiler.Infrastructure.csproj", "{3A8A2E25-DC94-4ED6-A54D-EE96B02D3814}"
EndProject
Global
	GlobalSection(SolutionConfigurationPlatforms) = preSolution
		Debug|Any CPU = Debug|Any CPU
		Release|Any CPU = Release|Any CPU
	EndGlobalSection
	GlobalSection(ProjectConfigurationPlatforms) = postSolution
		{437A8129-5362-4C14-97B6-0B3EBD0AA76B}.Debug|Any CPU.ActiveCfg = Debug|Any CPU
		{437A8129-5362-4C14-97B6-0B3EBD0AA76B}.Debug|Any CPU.Build.0 = Debug|Any CPU
		{437A8129-5362-4C14-97B6-0B3EBD0AA76B}.Release|Any CPU.ActiveCfg = Release|Any CPU
		{437A8129-5362-4C14-97B6-0B3EBD0AA76B}.Release|Any CPU.Build.0 = Release|Any CPU
		{A3762E9F-B516-4A27-A341-BFD76698B17C}.Debug|Any CPU.ActiveCfg = Debug|Any CPU
		{A3762E9F-B516-4A27-A341-BFD76698B17C}.Debug|Any CPU.Build.0 = Debug|Any CPU
		{A3762E9F-B516-4A27-A341-BFD76698B17C}.Release|Any CPU.ActiveCfg = Release|Any CPU
		{A3762E9F-B516-4A27-A341-BFD76698B17C}.Release|Any CPU.Build.0 = Release|Any CPU
		{059821D9-DFC5-48D1-8299-F574F00EC6EA}.Debug|Any CPU.ActiveCfg = Debug|Any CPU
		{059821D9-DFC5-48D1-8299-F574F00EC6EA}.Debug|Any CPU.Build.0 = Debug|Any CPU
		{059821D9-DFC5-48D1-8299-F574F00EC6EA}.Release|Any CPU.ActiveCfg = Release|Any CPU
		{059821D9-DFC5-48D1-8299-F574F00EC6EA}.Release|Any CPU.Build.0 = Release|Any CPU
		{85CBD9F2-6A8C-4263-9D6A-0D4011331AAC}.Debug|Any CPU.ActiveCfg = Debug|Any CPU
		{85CBD9F2-6A8C-4263-9D6A-0D4011331AAC}.Debug|Any CPU.Build.0 = Debug|Any CPU
		{85CBD9F2-6A8C-4263-9D6A-0D4011331AAC}.Release|Any CPU.ActiveCfg = Release|Any CPU
		{85CBD9F2-6A8C-4263-9D6A-0D4011331AAC}.Release|Any CPU.Build.0 = Release|Any CPU
		{2319B47F-0520-4DC7-9533-9408FF95722E}.Debug|Any CPU.ActiveCfg = Debug|Any CPU
		{2319B47F-0520-4DC7-9533-9408FF95722E}.Debug|Any CPU.Build.0 = Debug|Any CPU
		{2319B47F-0520-4DC7-9533-9408FF95722E}.Release|Any CPU.ActiveCfg = Release|Any CPU
		{2319B47F-0520-4DC7-9533-9408FF95722E}.Release|Any CPU.Build.0 = Release|Any CPU
		{97C89F2A-0E97-420B-A4A2-42A5C29C6904}.Debug|Any CPU.ActiveCfg = Debug|Any CPU
		{97C89F2A-0E97-420B-A4A2-42A5C29C6904}.Debug|Any CPU.Build.0 = Debug|Any CPU
		{97C89F2A-0E97-420B-A4A2-42A5C29C6904}.Release|Any CPU.ActiveCfg = Release|Any CPU
		{97C89F2A-0E97-420B-A4A2-42A5C29C6904}.Release|Any CPU.Build.0 = Release|Any CPU
		{E54978D0-18A1-4082-9DA7-C93495AA814F}.Debug|Any CPU.ActiveCfg = Debug|Any CPU
		{E54978D0-18A1-4082-9DA7-C93495AA814F}.Debug|Any CPU.Build.0 = Debug|Any CPU
		{E54978D0-18A1-4082-9DA7-C93495AA814F}.Release|Any CPU.ActiveCfg = Release|Any CPU
		{E54978D0-18A1-4082-9DA7-C93495AA814F}.Release|Any CPU.Build.0 = Release|Any CPU
		{2840C81F-CB7C-4CB7-BE0A-4F04387E14C0}.Debug|Any CPU.ActiveCfg = Debug|Any CPU
		{2840C81F-CB7C-4CB7-BE0A-4F04387E14C0}.Debug|Any CPU.Build.0 = Debug|Any CPU
		{2840C81F-CB7C-4CB7-BE0A-4F04387E14C0}.Release|Any CPU.ActiveCfg = Release|Any CPU
		{2840C81F-CB7C-4CB7-BE0A-4F04387E14C0}.Release|Any CPU.Build.0 = Release|Any CPU
		{C121560B-0359-4C33-A33D-82039ABCE404}.Debug|Any CPU.ActiveCfg = Debug|Any CPU
		{C121560B-0359-4C33-A33D-82039ABCE404}.Debug|Any CPU.Build.0 = Debug|Any CPU
		{C121560B-0359-4C33-A33D-82039ABCE404}.Release|Any CPU.ActiveCfg = Release|Any CPU
		{C121560B-0359-4C33-A33D-82039ABCE404}.Release|Any CPU.Build.0 = Release|Any CPU
		{1863644E-7424-4120-8EE6-3559F5A073D6}.Debug|Any CPU.ActiveCfg = Debug|Any CPU
		{1863644E-7424-4120-8EE6-3559F5A073D6}.Debug|Any CPU.Build.0 = Debug|Any CPU
		{1863644E-7424-4120-8EE6-3559F5A073D6}.Release|Any CPU.ActiveCfg = Release|Any CPU
		{1863644E-7424-4120-8EE6-3559F5A073D6}.Release|Any CPU.Build.0 = Release|Any CPU
		{6559449B-4E59-4302-9E24-E61DD092ED8F}.Debug|Any CPU.ActiveCfg = Debug|Any CPU
		{6559449B-4E59-4302-9E24-E61DD092ED8F}.Debug|Any CPU.Build.0 = Debug|Any CPU
		{6559449B-4E59-4302-9E24-E61DD092ED8F}.Release|Any CPU.ActiveCfg = Release|Any CPU
		{6559449B-4E59-4302-9E24-E61DD092ED8F}.Release|Any CPU.Build.0 = Release|Any CPU
		{899A4784-434C-407D-9C8F-C87A3A007E34}.Debug|Any CPU.ActiveCfg = Debug|Any CPU
		{899A4784-434C-407D-9C8F-C87A3A007E34}.Debug|Any CPU.Build.0 = Debug|Any CPU
		{899A4784-434C-407D-9C8F-C87A3A007E34}.Release|Any CPU.ActiveCfg = Release|Any CPU
		{899A4784-434C-407D-9C8F-C87A3A007E34}.Release|Any CPU.Build.0 = Release|Any CPU
		{69565CAA-65E4-4098-A759-98B697CEBC3D}.Debug|Any CPU.ActiveCfg = Debug|Any CPU
		{69565CAA-65E4-4098-A759-98B697CEBC3D}.Debug|Any CPU.Build.0 = Debug|Any CPU
		{69565CAA-65E4-4098-A759-98B697CEBC3D}.Release|Any CPU.ActiveCfg = Release|Any CPU
		{69565CAA-65E4-4098-A759-98B697CEBC3D}.Release|Any CPU.Build.0 = Release|Any CPU
		{B1185FD2-711B-4F24-AC7D-C9F042EFEB91}.Debug|Any CPU.ActiveCfg = Debug|Any CPU
		{B1185FD2-711B-4F24-AC7D-C9F042EFEB91}.Debug|Any CPU.Build.0 = Debug|Any CPU
		{B1185FD2-711B-4F24-AC7D-C9F042EFEB91}.Release|Any CPU.ActiveCfg = Release|Any CPU
		{B1185FD2-711B-4F24-AC7D-C9F042EFEB91}.Release|Any CPU.Build.0 = Release|Any CPU
		{13F91BDB-E312-479F-9E55-4A9256E12EF3}.Debug|Any CPU.ActiveCfg = Debug|Any CPU
		{13F91BDB-E312-479F-9E55-4A9256E12EF3}.Debug|Any CPU.Build.0 = Debug|Any CPU
		{13F91BDB-E312-479F-9E55-4A9256E12EF3}.Release|Any CPU.ActiveCfg = Release|Any CPU
		{13F91BDB-E312-479F-9E55-4A9256E12EF3}.Release|Any CPU.Build.0 = Release|Any CPU
		{99CA120A-EA46-43A3-A327-BA9AF9D5C18E}.Debug|Any CPU.ActiveCfg = Debug|Any CPU
		{99CA120A-EA46-43A3-A327-BA9AF9D5C18E}.Debug|Any CPU.Build.0 = Debug|Any CPU
		{99CA120A-EA46-43A3-A327-BA9AF9D5C18E}.Release|Any CPU.ActiveCfg = Release|Any CPU
		{99CA120A-EA46-43A3-A327-BA9AF9D5C18E}.Release|Any CPU.Build.0 = Release|Any CPU
		{3A8A2E25-DC94-4ED6-A54D-EE96B02D3814}.Debug|Any CPU.ActiveCfg = Debug|Any CPU
		{3A8A2E25-DC94-4ED6-A54D-EE96B02D3814}.Debug|Any CPU.Build.0 = Debug|Any CPU
		{3A8A2E25-DC94-4ED6-A54D-EE96B02D3814}.Release|Any CPU.ActiveCfg = Release|Any CPU
		{3A8A2E25-DC94-4ED6-A54D-EE96B02D3814}.Release|Any CPU.Build.0 = Release|Any CPU
	EndGlobalSection
	GlobalSection(SolutionProperties) = preSolution
		HideSolutionNode = FALSE
	EndGlobalSection
	GlobalSection(NestedProjects) = preSolution
		{437A8129-5362-4C14-97B6-0B3EBD0AA76B} = {7F8BC835-3664-458E-A51E-0B46A34E7369}
		{A3762E9F-B516-4A27-A341-BFD76698B17C} = {2E95407D-ABAF-4607-961D-EC2CDE25267B}
		{059821D9-DFC5-48D1-8299-F574F00EC6EA} = {7F8BC835-3664-458E-A51E-0B46A34E7369}
		{85CBD9F2-6A8C-4263-9D6A-0D4011331AAC} = {7F8BC835-3664-458E-A51E-0B46A34E7369}
		{2319B47F-0520-4DC7-9533-9408FF95722E} = {7F8BC835-3664-458E-A51E-0B46A34E7369}
		{97C89F2A-0E97-420B-A4A2-42A5C29C6904} = {7F8BC835-3664-458E-A51E-0B46A34E7369}
		{E54978D0-18A1-4082-9DA7-C93495AA814F} = {7F8BC835-3664-458E-A51E-0B46A34E7369}
		{2840C81F-CB7C-4CB7-BE0A-4F04387E14C0} = {7F8BC835-3664-458E-A51E-0B46A34E7369}
		{C121560B-0359-4C33-A33D-82039ABCE404} = {7F8BC835-3664-458E-A51E-0B46A34E7369}
		{1863644E-7424-4120-8EE6-3559F5A073D6} = {7F8BC835-3664-458E-A51E-0B46A34E7369}
		{6559449B-4E59-4302-9E24-E61DD092ED8F} = {2E95407D-ABAF-4607-961D-EC2CDE25267B}
		{899A4784-434C-407D-9C8F-C87A3A007E34} = {2E95407D-ABAF-4607-961D-EC2CDE25267B}
		{69565CAA-65E4-4098-A759-98B697CEBC3D} = {7F8BC835-3664-458E-A51E-0B46A34E7369}
		{B1185FD2-711B-4F24-AC7D-C9F042EFEB91} = {7F8BC835-3664-458E-A51E-0B46A34E7369}
		{13F91BDB-E312-479F-9E55-4A9256E12EF3} = {7F8BC835-3664-458E-A51E-0B46A34E7369}
		{99CA120A-EA46-43A3-A327-BA9AF9D5C18E} = {7F8BC835-3664-458E-A51E-0B46A34E7369}
		{3A8A2E25-DC94-4ED6-A54D-EE96B02D3814} = {7F8BC835-3664-458E-A51E-0B46A34E7369}
	EndGlobalSection
	GlobalSection(ExtensibilityGlobals) = postSolution
		SolutionGuid = {200BB530-24EE-4704-A0C2-4430769AC89B}
	EndGlobalSection
EndGlobal
