
Microsoft Visual Studio Solution File, Format Version 12.00
# Visual Studio Version 18
VisualStudioVersion = 18.1.11312.151
MinimumVisualStudioVersion = 10.0.40219.1
Project("{FAE04EC0-301F-11D3-BF4B-00C04F79EFBC}") = "SQB.ApiGateway", "src\SQB.ApiGateway\SQB.ApiGateway.csproj", "{437A8129-5362-4C14-97B6-0B3EBD0AA76B}"
EndProject
Project("{2150E333-8FDC-42A3-9474-1A3956D46DE8}") = "src", "src", "{7F8BC835-3664-458E-A51E-0B46A34E7369}"
EndProject
Project("{FAE04EC0-301F-11D3-BF4B-00C04F79EFBC}") = "SQB.Auth.UnitTests", "test\SQB.Auth.UnitTests\SQB.Auth.UnitTests.csproj", "{A3762E9F-B516-4A27-A341-BFD76698B17C}"
EndProject
Project("{2150E333-8FDC-42A3-9474-1A3956D46DE8}") = "test", "test", "{2E95407D-ABAF-4607-961D-EC2CDE25267B}"
EndProject
Project("{FAE04EC0-301F-11D3-BF4B-00C04F79EFBC}") = "SQB.Auth.Api", "src\IdentityService\SQB.Auth.Api\SQB.Auth.Api.csproj", "{059821D9-DFC5-48D1-8299-F574F00EC6EA}"
EndProject
Project("{FAE04EC0-301F-11D3-BF4B-00C04F79EFBC}") = "SQB.Shared", "src\SQB.Shared\SQB.Shared.csproj", "{85CBD9F2-6A8C-4263-9D6A-0D4011331AAC}"
EndProject
Project("{FAE04EC0-301F-11D3-BF4B-00C04F79EFBC}") = "SQB.Auth.Infrastructure", "src\IdentityService\SQB.Auth.Infrastructure\SQB.Auth.Infrastructure.csproj", "{E54978D0-18A1-4082-9DA7-C93495AA814F}"
EndProject
Project("{FAE04EC0-301F-11D3-BF4B-00C04F79EFBC}") = "SQB.Auth.Domain", "src\IdentityService\SQB.Auth.Domain\SQB.Auth.Domain.csproj", "{2840C81F-CB7C-4CB7-BE0A-4F04387E14C0}"
EndProject
Project("{FAE04EC0-301F-11D3-BF4B-00C04F79EFBC}") = "SQB.Auth.Application", "src\IdentityService\SQB.Auth.Application\SQB.Auth.Application.csproj", "{C121560B-0359-4C33-A33D-82039ABCE404}"
EndProject
Project("{FAE04EC0-301F-11D3-BF4B-00C04F79EFBC}") = "SQB.Compiler", "src\CompilerService\SQB.Compiler\SQB.Compiler.csproj", "{1863644E-7424-4120-8EE6-3559F5A073D6}"
EndProject
Project("{FAE04EC0-301F-11D3-BF4B-00C04F79EFBC}") = "SQB.Compiler.UnitTests", "test\SQB.Compiler.UnitTests\SQB.Compiler.UnitTests.csproj", "{6559449B-4E59-4302-9E24-E61DD092ED8F}"
EndProject
Project("{FAE04EC0-301F-11D3-BF4B-00C04F79EFBC}") = "SQB.QueryExecution.UnitTests", "test\SQB.QueryExecution.UnitTests\SQB.QueryExecution.UnitTests.csproj", "{899A4784-434C-407D-9C8F-C87A3A007E34}"
EndProject
Project("{2150E333-8FDC-42A3-9474-1A3956D46DE8}") = "IdentityService", "IdentityService", "{083F06C5-392B-4048-B8ED-8983E4F125B9}"
EndProject
Project("{2150E333-8FDC-42A3-9474-1A3956D46DE8}") = "DdlDmlService", "DdlDmlService", "{E54DA85A-D59B-4C95-A280-45C5A64F75AB}"
EndProject
Project("{FAE04EC0-301F-11D3-BF4B-00C04F79EFBC}") = "SQB.DdlDml.Api", "src\SQB.DdlDml.Api\SQB.DdlDml.Api.csproj", "{89BD2D27-3A7A-47CA-B583-B6E5E901FF51}"
EndProject
Project("{2150E333-8FDC-42A3-9474-1A3956D46DE8}") = "DqlService", "DqlService", "{2A19AB3B-9682-4F55-AFD4-8514CE9EA19C}"
EndProject
Project("{FAE04EC0-301F-11D3-BF4B-00C04F79EFBC}") = "SQB.Dql.Api", "src\SQB.Dql.Api\SQB.Dql.Api.csproj", "{5EAC895E-7DAA-4379-8D3F-71AFFAF03AF8}"
EndProject
Global
	GlobalSection(SolutionConfigurationPlatforms) = preSolution
		Debug|Any CPU = Debug|Any CPU
		Release|Any CPU = Release|Any CPU
	EndGlobalSection
	GlobalSection(ProjectConfigurationPlatforms) = postSolution
		{437A8129-5362-4C14-97B6-0B3EBD0AA76B}.Debug|Any CPU.ActiveCfg = Debug|Any CPU
		{437A8129-5362-4C14-97B6-0B3EBD0AA76B}.Debug|Any CPU.Build.0 = Debug|Any CPU
		{437A8129-5362-4C14-97B6-0B3EBD0AA76B}.Release|Any CPU.ActiveCfg = Release|Any CPU
		{437A8129-5362-4C14-97B6-0B3EBD0AA76B}.Release|Any CPU.Build.0 = Release|Any CPU
		{A3762E9F-B516-4A27-A341-BFD76698B17C}.Debug|Any CPU.ActiveCfg = Debug|Any CPU
		{A3762E9F-B516-4A27-A341-BFD76698B17C}.Debug|Any CPU.Build.0 = Debug|Any CPU
		{A3762E9F-B516-4A27-A341-BFD76698B17C}.Release|Any CPU.ActiveCfg = Release|Any CPU
		{A3762E9F-B516-4A27-A341-BFD76698B17C}.Release|Any CPU.Build.0 = Release|Any CPU
		{059821D9-DFC5-48D1-8299-F574F00EC6EA}.Debug|Any CPU.ActiveCfg = Debug|Any CPU
		{059821D9-DFC5-48D1-8299-F574F00EC6EA}.Debug|Any CPU.Build.0 = Debug|Any CPU
		{059821D9-DFC5-48D1-8299-F574F00EC6EA}.Release|Any CPU.ActiveCfg = Release|Any CPU
		{059821D9-DFC5-48D1-8299-F574F00EC6EA}.Release|Any CPU.Build.0 = Release|Any CPU
		{85CBD9F2-6A8C-4263-9D6A-0D4011331AAC}.Debug|Any CPU.ActiveCfg = Debug|Any CPU
		{85CBD9F2-6A8C-4263-9D6A-0D4011331AAC}.Debug|Any CPU.Build.0 = Debug|Any CPU
		{85CBD9F2-6A8C-4263-9D6A-0D4011331AAC}.Release|Any CPU.ActiveCfg = Release|Any CPU
		{85CBD9F2-6A8C-4263-9D6A-0D4011331AAC}.Release|Any CPU.Build.0 = Release|Any CPU
		{E54978D0-18A1-4082-9DA7-C93495AA814F}.Debug|Any CPU.ActiveCfg = Debug|Any CPU
		{E54978D0-18A1-4082-9DA7-C93495AA814F}.Debug|Any CPU.Build.0 = Debug|Any CPU
		{E54978D0-18A1-4082-9DA7-C93495AA814F}.Release|Any CPU.ActiveCfg = Release|Any CPU
		{E54978D0-18A1-4082-9DA7-C93495AA814F}.Release|Any CPU.Build.0 = Release|Any CPU
		{2840C81F-CB7C-4CB7-BE0A-4F04387E14C0}.Debug|Any CPU.ActiveCfg = Debug|Any CPU
		{2840C81F-CB7C-4CB7-BE0A-4F04387E14C0}.Debug|Any CPU.Build.0 = Debug|Any CPU
		{2840C81F-CB7C-4CB7-BE0A-4F04387E14C0}.Release|Any CPU.ActiveCfg = Release|Any CPU
		{2840C81F-CB7C-4CB7-BE0A-4F04387E14C0}.Release|Any CPU.Build.0 = Release|Any CPU
		{C121560B-0359-4C33-A33D-82039ABCE404}.Debug|Any CPU.ActiveCfg = Debug|Any CPU
		{C121560B-0359-4C33-A33D-82039ABCE404}.Debug|Any CPU.Build.0 = Debug|Any CPU
		{C121560B-0359-4C33-A33D-82039ABCE404}.Release|Any CPU.ActiveCfg = Release|Any CPU
		{C121560B-0359-4C33-A33D-82039ABCE404}.Release|Any CPU.Build.0 = Release|Any CPU
		{1863644E-7424-4120-8EE6-3559F5A073D6}.Debug|Any CPU.ActiveCfg = Debug|Any CPU
		{1863644E-7424-4120-8EE6-3559F5A073D6}.Debug|Any CPU.Build.0 = Debug|Any CPU
		{1863644E-7424-4120-8EE6-3559F5A073D6}.Release|Any CPU.ActiveCfg = Release|Any CPU
		{1863644E-7424-4120-8EE6-3559F5A073D6}.Release|Any CPU.Build.0 = Release|Any CPU
		{6559449B-4E59-4302-9E24-E61DD092ED8F}.Debug|Any CPU.ActiveCfg = Debug|Any CPU
		{6559449B-4E59-4302-9E24-E61DD092ED8F}.Debug|Any CPU.Build.0 = Debug|Any CPU
		{6559449B-4E59-4302-9E24-E61DD092ED8F}.Release|Any CPU.ActiveCfg = Release|Any CPU
		{6559449B-4E59-4302-9E24-E61DD092ED8F}.Release|Any CPU.Build.0 = Release|Any CPU
		{899A4784-434C-407D-9C8F-C87A3A007E34}.Debug|Any CPU.ActiveCfg = Debug|Any CPU
		{899A4784-434C-407D-9C8F-C87A3A007E34}.Debug|Any CPU.Build.0 = Debug|Any CPU
		{899A4784-434C-407D-9C8F-C87A3A007E34}.Release|Any CPU.ActiveCfg = Release|Any CPU
		{899A4784-434C-407D-9C8F-C87A3A007E34}.Release|Any CPU.Build.0 = Release|Any CPU
		{89BD2D27-3A7A-47CA-B583-B6E5E901FF51}.Debug|Any CPU.ActiveCfg = Debug|Any CPU
		{89BD2D27-3A7A-47CA-B583-B6E5E901FF51}.Debug|Any CPU.Build.0 = Debug|Any CPU
		{89BD2D27-3A7A-47CA-B583-B6E5E901FF51}.Release|Any CPU.ActiveCfg = Release|Any CPU
		{89BD2D27-3A7A-47CA-B583-B6E5E901FF51}.Release|Any CPU.Build.0 = Release|Any CPU
		{5EAC895E-7DAA-4379-8D3F-71AFFAF03AF8}.Debug|Any CPU.ActiveCfg = Debug|Any CPU
		{5EAC895E-7DAA-4379-8D3F-71AFFAF03AF8}.Debug|Any CPU.Build.0 = Debug|Any CPU
		{5EAC895E-7DAA-4379-8D3F-71AFFAF03AF8}.Release|Any CPU.ActiveCfg = Release|Any CPU
		{5EAC895E-7DAA-4379-8D3F-71AFFAF03AF8}.Release|Any CPU.Build.0 = Release|Any CPU
	EndGlobalSection
	GlobalSection(SolutionProperties) = preSolution
		HideSolutionNode = FALSE
	EndGlobalSection
	GlobalSection(NestedProjects) = preSolution
		{437A8129-5362-4C14-97B6-0B3EBD0AA76B} = {7F8BC835-3664-458E-A51E-0B46A34E7369}
		{A3762E9F-B516-4A27-A341-BFD76698B17C} = {2E95407D-ABAF-4607-961D-EC2CDE25267B}
		{85CBD9F2-6A8C-4263-9D6A-0D4011331AAC} = {7F8BC835-3664-458E-A51E-0B46A34E7369}
		{6559449B-4E59-4302-9E24-E61DD092ED8F} = {2E95407D-ABAF-4607-961D-EC2CDE25267B}
		{899A4784-434C-407D-9C8F-C87A3A007E34} = {2E95407D-ABAF-4607-961D-EC2CDE25267B}
		{083F06C5-392B-4048-B8ED-8983E4F125B9} = {7F8BC835-3664-458E-A51E-0B46A34E7369}
		{059821D9-DFC5-48D1-8299-F574F00EC6EA} = {083F06C5-392B-4048-B8ED-8983E4F125B9}
		{C121560B-0359-4C33-A33D-82039ABCE404} = {083F06C5-392B-4048-B8ED-8983E4F125B9}
		{2840C81F-CB7C-4CB7-BE0A-4F04387E14C0} = {083F06C5-392B-4048-B8ED-8983E4F125B9}
		{E54978D0-18A1-4082-9DA7-C93495AA814F} = {083F06C5-392B-4048-B8ED-8983E4F125B9}
		{E54DA85A-D59B-4C95-A280-45C5A64F75AB} = {7F8BC835-3664-458E-A51E-0B46A34E7369}
		{89BD2D27-3A7A-47CA-B583-B6E5E901FF51} = {E54DA85A-D59B-4C95-A280-45C5A64F75AB}
		{2A19AB3B-9682-4F55-AFD4-8514CE9EA19C} = {7F8BC835-3664-458E-A51E-0B46A34E7369}
		{5EAC895E-7DAA-4379-8D3F-71AFFAF03AF8} = {2A19AB3B-9682-4F55-AFD4-8514CE9EA19C}
		{1863644E-7424-4120-8EE6-3559F5A073D6} = {7F8BC835-3664-458E-A51E-0B46A34E7369}
	EndGlobalSection
	GlobalSection(ExtensibilityGlobals) = postSolution
		SolutionGuid = {200BB530-24EE-4704-A0C2-4430769AC89B}
	EndGlobalSection
EndGlobal
