
Microsoft Visual Studio Solution File, Format Version 12.00
# Visual Studio Version 18
VisualStudioVersion = 18.1.11312.151
MinimumVisualStudioVersion = 10.0.40219.1
Project("{FAE04EC0-301F-11D3-BF4B-00C04F79EFBC}") = "SQB.ApiGateway", "src\SQB.ApiGateway\SQB.ApiGateway.csproj", "{437A8129-5362-4C14-97B6-0B3EBD0AA76B}"
EndProject
Project("{2150E333-8FDC-42A3-9474-1A3956D46DE8}") = "src", "src", "{7F8BC835-3664-458E-A51E-0B46A34E7369}"
EndProject
Project("{FAE04EC0-301F-11D3-BF4B-00C04F79EFBC}") = "SQB.Auth.Tests", "test\SQB.Auth.Tests\SQB.Auth.Tests.csproj", "{A3762E9F-B516-4A27-A341-BFD76698B17C}"
EndProject
Project("{2150E333-8FDC-42A3-9474-1A3956D46DE8}") = "test", "test", "{2E95407D-ABAF-4607-961D-EC2CDE25267B}"
EndProject
Project("{FAE04EC0-301F-11D3-BF4B-00C04F79EFBC}") = "SQB.Auth.Api", "src\IdentityService\SQB.Auth.Api\SQB.Auth.Api.csproj", "{059821D9-DFC5-48D1-8299-F574F00EC6EA}"
EndProject
Project("{FAE04EC0-301F-11D3-BF4B-00C04F79EFBC}") = "SQB.Shared", "src\SQB.Shared\SQB.Shared.csproj", "{85CBD9F2-6A8C-4263-9D6A-0D4011331AAC}"
EndProject
Project("{FAE04EC0-301F-11D3-BF4B-00C04F79EFBC}") = "SQB.Auth.Infrastructure", "src\IdentityService\SQB.Auth.Infrastructure\SQB.Auth.Infrastructure.csproj", "{E54978D0-18A1-4082-9DA7-C93495AA814F}"
EndProject
Project("{FAE04EC0-301F-11D3-BF4B-00C04F79EFBC}") = "SQB.Auth.Domain", "src\IdentityService\SQB.Auth.Domain\SQB.Auth.Domain.csproj", "{2840C81F-CB7C-4CB7-BE0A-4F04387E14C0}"
EndProject
Project("{FAE04EC0-301F-11D3-BF4B-00C04F79EFBC}") = "SQB.Auth.Application", "src\IdentityService\SQB.Auth.Application\SQB.Auth.Application.csproj", "{C121560B-0359-4C33-A33D-82039ABCE404}"
EndProject
Project("{2150E333-8FDC-42A3-9474-1A3956D46DE8}") = "IdentityService", "IdentityService", "{083F06C5-392B-4048-B8ED-8983E4F125B9}"
EndProject
Project("{2150E333-8FDC-42A3-9474-1A3956D46DE8}") = "TableManagementService", "TableManagementService", "{E54DA85A-D59B-4C95-A280-45C5A64F75AB}"
EndProject
Project("{FAE04EC0-301F-11D3-BF4B-00C04F79EFBC}") = "SQB.TableManagement.Api", "src\TableManagementService\SQB.TableManagement.Api\SQB.TableManagement.Api.csproj", "{89BD2D27-3A7A-47CA-B583-B6E5E901FF51}"
EndProject
Project("{2150E333-8FDC-42A3-9474-1A3956D46DE8}") = "QueryService", "QueryService", "{2A19AB3B-9682-4F55-AFD4-8514CE9EA19C}"
EndProject
Project("{FAE04EC0-301F-11D3-BF4B-00C04F79EFBC}") = "SQB.Query.Api", "src\QueryService\SQB.Query.Api\SQB.Query.Api.csproj", "{5EAC895E-7DAA-4379-8D3F-71AFFAF03AF8}"
EndProject
Project("{2150E333-8FDC-42A3-9474-1A3956D46DE8}") = "DataImportService", "DataImportService", "{21F2B904-1FFB-4063-BEA4-55862A4E04D8}"
EndProject
Project("{2150E333-8FDC-42A3-9474-1A3956D46DE8}") = "SubscriptionService", "SubscriptionService", "{6D9BC4D8-F822-4A5F-959D-1C68C9EFF463}"
EndProject
Project("{FAE04EC0-301F-11D3-BF4B-00C04F79EFBC}") = "SQB.Subscription.Application", "src\SubscriptionService\SQB.Subscription.Application\SQB.Subscription.Application.csproj", "{ADBB192D-401A-4097-8B4D-0EE34FB36E20}"
EndProject
Project("{FAE04EC0-301F-11D3-BF4B-00C04F79EFBC}") = "SQB.Subscription.Domain", "src\SubscriptionService\SQB.Subscription.Domain\SQB.Subscription.Domain.csproj", "{98437292-7872-4B8D-BCEA-3BAA5E537AC1}"
EndProject
Project("{FAE04EC0-301F-11D3-BF4B-00C04F79EFBC}") = "SQB.Subscription.Infrastructure", "src\SubscriptionService\SQB.Subscription.Infrastructure\SQB.Subscription.Infrastructure.csproj", "{0DAECC57-3912-4858-A9F8-09C7349697AD}"
EndProject
Project("{FAE04EC0-301F-11D3-BF4B-00C04F79EFBC}") = "SQB.DataImport.Api", "src\DataImportService\SQB.DataImport.API\SQB.DataImport.Api.csproj", "{42FEB8D5-941B-4535-8251-8A5378D2B7FC}"
EndProject
Project("{FAE04EC0-301F-11D3-BF4B-00C04F79EFBC}") = "SQB.Subscription.Api", "src\SubscriptionService\SQB.Subscription.Api\SQB.Subscription.Api.csproj", "{E7DB7569-E513-4E74-BCDA-FD3D51F411D6}"
EndProject
Project("{FAE04EC0-301F-11D3-BF4B-00C04F79EFBC}") = "SQB.TableManagement.Tests", "test\SQB.TableManagement.Tests\SQB.TableManagement.Tests.csproj", "{BA257C36-B042-4AF8-8AD7-2DCFCBED8939}"
EndProject
Project("{FAE04EC0-301F-11D3-BF4B-00C04F79EFBC}") = "SQB.TableManagement.Application", "src\TableManagementService\SQB.TableManagement.Application\SQB.TableManagement.Application.csproj", "{8EFBC7B1-2C1E-4675-9E98-A11152AA1E68}"
EndProject
Project("{FAE04EC0-301F-11D3-BF4B-00C04F79EFBC}") = "SQB.TableManagement.Infrastructure", "src\TableManagementService\SQB.TableManagement.Infrastructure\SQB.TableManagement.Infrastructure.csproj", "{5BF9130B-B95E-4A38-AFA1-48EC87E11866}"
EndProject
Project("{FAE04EC0-301F-11D3-BF4B-00C04F79EFBC}") = "SQB.TableManagement.Domain", "src\TableManagementService\SQB.TableManagement.Domain\SQB.TableManagement.Domain.csproj", "{B6EFBC45-2344-49EE-9FE6-19C88D7DA78B}"
EndProject
Project("{FAE04EC0-301F-11D3-BF4B-00C04F79EFBC}") = "SQB.Query.Tests", "test\SQB.Query.Tests\SQB.Query.Tests.csproj", "{55FAE6C8-B59E-4258-8204-EB8F49718228}"
EndProject
Project("{FAE04EC0-301F-11D3-BF4B-00C04F79EFBC}") = "SQB.Subscription.Tests", "test\SQB.Subscription.Tests\SQB.Subscription.Tests.csproj", "{7A8C9CFD-F60F-4708-A956-BB95DACC12C9}"
EndProject
Project("{FAE04EC0-301F-11D3-BF4B-00C04F79EFBC}") = "SQB.DataImport.Tests", "test\SQB.DataImport.Tests\SQB.DataImport.Tests.csproj", "{8403D7B6-8B12-498E-880E-514EF1796BC9}"
EndProject
Global
	GlobalSection(SolutionConfigurationPlatforms) = preSolution
		Debug|Any CPU = Debug|Any CPU
		Release|Any CPU = Release|Any CPU
	EndGlobalSection
	GlobalSection(ProjectConfigurationPlatforms) = postSolution
		{437A8129-5362-4C14-97B6-0B3EBD0AA76B}.Debug|Any CPU.ActiveCfg = Debug|Any CPU
		{437A8129-5362-4C14-97B6-0B3EBD0AA76B}.Debug|Any CPU.Build.0 = Debug|Any CPU
		{437A8129-5362-4C14-97B6-0B3EBD0AA76B}.Release|Any CPU.ActiveCfg = Release|Any CPU
		{437A8129-5362-4C14-97B6-0B3EBD0AA76B}.Release|Any CPU.Build.0 = Release|Any CPU
		{A3762E9F-B516-4A27-A341-BFD76698B17C}.Debug|Any CPU.ActiveCfg = Debug|Any CPU
		{A3762E9F-B516-4A27-A341-BFD76698B17C}.Debug|Any CPU.Build.0 = Debug|Any CPU
		{A3762E9F-B516-4A27-A341-BFD76698B17C}.Release|Any CPU.ActiveCfg = Release|Any CPU
		{A3762E9F-B516-4A27-A341-BFD76698B17C}.Release|Any CPU.Build.0 = Release|Any CPU
		{059821D9-DFC5-48D1-8299-F574F00EC6EA}.Debug|Any CPU.ActiveCfg = Debug|Any CPU
		{059821D9-DFC5-48D1-8299-F574F00EC6EA}.Debug|Any CPU.Build.0 = Debug|Any CPU
		{059821D9-DFC5-48D1-8299-F574F00EC6EA}.Release|Any CPU.ActiveCfg = Release|Any CPU
		{059821D9-DFC5-48D1-8299-F574F00EC6EA}.Release|Any CPU.Build.0 = Release|Any CPU
		{85CBD9F2-6A8C-4263-9D6A-0D4011331AAC}.Debug|Any CPU.ActiveCfg = Debug|Any CPU
		{85CBD9F2-6A8C-4263-9D6A-0D4011331AAC}.Debug|Any CPU.Build.0 = Debug|Any CPU
		{85CBD9F2-6A8C-4263-9D6A-0D4011331AAC}.Release|Any CPU.ActiveCfg = Release|Any CPU
		{85CBD9F2-6A8C-4263-9D6A-0D4011331AAC}.Release|Any CPU.Build.0 = Release|Any CPU
		{E54978D0-18A1-4082-9DA7-C93495AA814F}.Debug|Any CPU.ActiveCfg = Debug|Any CPU
		{E54978D0-18A1-4082-9DA7-C93495AA814F}.Debug|Any CPU.Build.0 = Debug|Any CPU
		{E54978D0-18A1-4082-9DA7-C93495AA814F}.Release|Any CPU.ActiveCfg = Release|Any CPU
		{E54978D0-18A1-4082-9DA7-C93495AA814F}.Release|Any CPU.Build.0 = Release|Any CPU
		{2840C81F-CB7C-4CB7-BE0A-4F04387E14C0}.Debug|Any CPU.ActiveCfg = Debug|Any CPU
		{2840C81F-CB7C-4CB7-BE0A-4F04387E14C0}.Debug|Any CPU.Build.0 = Debug|Any CPU
		{2840C81F-CB7C-4CB7-BE0A-4F04387E14C0}.Release|Any CPU.ActiveCfg = Release|Any CPU
		{2840C81F-CB7C-4CB7-BE0A-4F04387E14C0}.Release|Any CPU.Build.0 = Release|Any CPU
		{C121560B-0359-4C33-A33D-82039ABCE404}.Debug|Any CPU.ActiveCfg = Debug|Any CPU
		{C121560B-0359-4C33-A33D-82039ABCE404}.Debug|Any CPU.Build.0 = Debug|Any CPU
		{C121560B-0359-4C33-A33D-82039ABCE404}.Release|Any CPU.ActiveCfg = Release|Any CPU
		{C121560B-0359-4C33-A33D-82039ABCE404}.Release|Any CPU.Build.0 = Release|Any CPU
		{89BD2D27-3A7A-47CA-B583-B6E5E901FF51}.Debug|Any CPU.ActiveCfg = Debug|Any CPU
		{89BD2D27-3A7A-47CA-B583-B6E5E901FF51}.Debug|Any CPU.Build.0 = Debug|Any CPU
		{89BD2D27-3A7A-47CA-B583-B6E5E901FF51}.Release|Any CPU.ActiveCfg = Release|Any CPU
		{89BD2D27-3A7A-47CA-B583-B6E5E901FF51}.Release|Any CPU.Build.0 = Release|Any CPU
		{5EAC895E-7DAA-4379-8D3F-71AFFAF03AF8}.Debug|Any CPU.ActiveCfg = Debug|Any CPU
		{5EAC895E-7DAA-4379-8D3F-71AFFAF03AF8}.Debug|Any CPU.Build.0 = Debug|Any CPU
		{5EAC895E-7DAA-4379-8D3F-71AFFAF03AF8}.Release|Any CPU.ActiveCfg = Release|Any CPU
		{5EAC895E-7DAA-4379-8D3F-71AFFAF03AF8}.Release|Any CPU.Build.0 = Release|Any CPU
		{ADBB192D-401A-4097-8B4D-0EE34FB36E20}.Debug|Any CPU.ActiveCfg = Debug|Any CPU
		{ADBB192D-401A-4097-8B4D-0EE34FB36E20}.Debug|Any CPU.Build.0 = Debug|Any CPU
		{ADBB192D-401A-4097-8B4D-0EE34FB36E20}.Release|Any CPU.ActiveCfg = Release|Any CPU
		{ADBB192D-401A-4097-8B4D-0EE34FB36E20}.Release|Any CPU.Build.0 = Release|Any CPU
		{98437292-7872-4B8D-BCEA-3BAA5E537AC1}.Debug|Any CPU.ActiveCfg = Debug|Any CPU
		{98437292-7872-4B8D-BCEA-3BAA5E537AC1}.Debug|Any CPU.Build.0 = Debug|Any CPU
		{98437292-7872-4B8D-BCEA-3BAA5E537AC1}.Release|Any CPU.ActiveCfg = Release|Any CPU
		{98437292-7872-4B8D-BCEA-3BAA5E537AC1}.Release|Any CPU.Build.0 = Release|Any CPU
		{0DAECC57-3912-4858-A9F8-09C7349697AD}.Debug|Any CPU.ActiveCfg = Debug|Any CPU
		{0DAECC57-3912-4858-A9F8-09C7349697AD}.Debug|Any CPU.Build.0 = Debug|Any CPU
		{0DAECC57-3912-4858-A9F8-09C7349697AD}.Release|Any CPU.ActiveCfg = Release|Any CPU
		{0DAECC57-3912-4858-A9F8-09C7349697AD}.Release|Any CPU.Build.0 = Release|Any CPU
		{42FEB8D5-941B-4535-8251-8A5378D2B7FC}.Debug|Any CPU.ActiveCfg = Debug|Any CPU
		{42FEB8D5-941B-4535-8251-8A5378D2B7FC}.Debug|Any CPU.Build.0 = Debug|Any CPU
		{42FEB8D5-941B-4535-8251-8A5378D2B7FC}.Release|Any CPU.ActiveCfg = Release|Any CPU
		{42FEB8D5-941B-4535-8251-8A5378D2B7FC}.Release|Any CPU.Build.0 = Release|Any CPU
		{E7DB7569-E513-4E74-BCDA-FD3D51F411D6}.Debug|Any CPU.ActiveCfg = Debug|Any CPU
		{E7DB7569-E513-4E74-BCDA-FD3D51F411D6}.Debug|Any CPU.Build.0 = Debug|Any CPU
		{E7DB7569-E513-4E74-BCDA-FD3D51F411D6}.Release|Any CPU.ActiveCfg = Release|Any CPU
		{E7DB7569-E513-4E74-BCDA-FD3D51F411D6}.Release|Any CPU.Build.0 = Release|Any CPU
		{BA257C36-B042-4AF8-8AD7-2DCFCBED8939}.Debug|Any CPU.ActiveCfg = Debug|Any CPU
		{BA257C36-B042-4AF8-8AD7-2DCFCBED8939}.Debug|Any CPU.Build.0 = Debug|Any CPU
		{BA257C36-B042-4AF8-8AD7-2DCFCBED8939}.Release|Any CPU.ActiveCfg = Release|Any CPU
		{BA257C36-B042-4AF8-8AD7-2DCFCBED8939}.Release|Any CPU.Build.0 = Release|Any CPU
		{8EFBC7B1-2C1E-4675-9E98-A11152AA1E68}.Debug|Any CPU.ActiveCfg = Debug|Any CPU
		{8EFBC7B1-2C1E-4675-9E98-A11152AA1E68}.Debug|Any CPU.Build.0 = Debug|Any CPU
		{8EFBC7B1-2C1E-4675-9E98-A11152AA1E68}.Release|Any CPU.ActiveCfg = Release|Any CPU
		{8EFBC7B1-2C1E-4675-9E98-A11152AA1E68}.Release|Any CPU.Build.0 = Release|Any CPU
		{5BF9130B-B95E-4A38-AFA1-48EC87E11866}.Debug|Any CPU.ActiveCfg = Debug|Any CPU
		{5BF9130B-B95E-4A38-AFA1-48EC87E11866}.Debug|Any CPU.Build.0 = Debug|Any CPU
		{5BF9130B-B95E-4A38-AFA1-48EC87E11866}.Release|Any CPU.ActiveCfg = Release|Any CPU
		{5BF9130B-B95E-4A38-AFA1-48EC87E11866}.Release|Any CPU.Build.0 = Release|Any CPU
		{B6EFBC45-2344-49EE-9FE6-19C88D7DA78B}.Debug|Any CPU.ActiveCfg = Debug|Any CPU
		{B6EFBC45-2344-49EE-9FE6-19C88D7DA78B}.Debug|Any CPU.Build.0 = Debug|Any CPU
		{B6EFBC45-2344-49EE-9FE6-19C88D7DA78B}.Release|Any CPU.ActiveCfg = Release|Any CPU
		{B6EFBC45-2344-49EE-9FE6-19C88D7DA78B}.Release|Any CPU.Build.0 = Release|Any CPU
		{55FAE6C8-B59E-4258-8204-EB8F49718228}.Debug|Any CPU.ActiveCfg = Debug|Any CPU
		{55FAE6C8-B59E-4258-8204-EB8F49718228}.Debug|Any CPU.Build.0 = Debug|Any CPU
		{55FAE6C8-B59E-4258-8204-EB8F49718228}.Release|Any CPU.ActiveCfg = Release|Any CPU
		{55FAE6C8-B59E-4258-8204-EB8F49718228}.Release|Any CPU.Build.0 = Release|Any CPU
		{7A8C9CFD-F60F-4708-A956-BB95DACC12C9}.Debug|Any CPU.ActiveCfg = Debug|Any CPU
		{7A8C9CFD-F60F-4708-A956-BB95DACC12C9}.Debug|Any CPU.Build.0 = Debug|Any CPU
		{7A8C9CFD-F60F-4708-A956-BB95DACC12C9}.Release|Any CPU.ActiveCfg = Release|Any CPU
		{7A8C9CFD-F60F-4708-A956-BB95DACC12C9}.Release|Any CPU.Build.0 = Release|Any CPU
		{8403D7B6-8B12-498E-880E-514EF1796BC9}.Debug|Any CPU.ActiveCfg = Debug|Any CPU
		{8403D7B6-8B12-498E-880E-514EF1796BC9}.Debug|Any CPU.Build.0 = Debug|Any CPU
		{8403D7B6-8B12-498E-880E-514EF1796BC9}.Release|Any CPU.ActiveCfg = Release|Any CPU
		{8403D7B6-8B12-498E-880E-514EF1796BC9}.Release|Any CPU.Build.0 = Release|Any CPU
	EndGlobalSection
	GlobalSection(SolutionProperties) = preSolution
		HideSolutionNode = FALSE
	EndGlobalSection
	GlobalSection(NestedProjects) = preSolution
		{437A8129-5362-4C14-97B6-0B3EBD0AA76B} = {7F8BC835-3664-458E-A51E-0B46A34E7369}
		{A3762E9F-B516-4A27-A341-BFD76698B17C} = {2E95407D-ABAF-4607-961D-EC2CDE25267B}
		{059821D9-DFC5-48D1-8299-F574F00EC6EA} = {083F06C5-392B-4048-B8ED-8983E4F125B9}
		{85CBD9F2-6A8C-4263-9D6A-0D4011331AAC} = {7F8BC835-3664-458E-A51E-0B46A34E7369}
		{E54978D0-18A1-4082-9DA7-C93495AA814F} = {083F06C5-392B-4048-B8ED-8983E4F125B9}
		{2840C81F-CB7C-4CB7-BE0A-4F04387E14C0} = {083F06C5-392B-4048-B8ED-8983E4F125B9}
		{C121560B-0359-4C33-A33D-82039ABCE404} = {083F06C5-392B-4048-B8ED-8983E4F125B9}
		{083F06C5-392B-4048-B8ED-8983E4F125B9} = {7F8BC835-3664-458E-A51E-0B46A34E7369}
		{E54DA85A-D59B-4C95-A280-45C5A64F75AB} = {7F8BC835-3664-458E-A51E-0B46A34E7369}
		{89BD2D27-3A7A-47CA-B583-B6E5E901FF51} = {E54DA85A-D59B-4C95-A280-45C5A64F75AB}
		{2A19AB3B-9682-4F55-AFD4-8514CE9EA19C} = {7F8BC835-3664-458E-A51E-0B46A34E7369}
		{5EAC895E-7DAA-4379-8D3F-71AFFAF03AF8} = {2A19AB3B-9682-4F55-AFD4-8514CE9EA19C}
		{21F2B904-1FFB-4063-BEA4-55862A4E04D8} = {7F8BC835-3664-458E-A51E-0B46A34E7369}
		{6D9BC4D8-F822-4A5F-959D-1C68C9EFF463} = {7F8BC835-3664-458E-A51E-0B46A34E7369}
		{ADBB192D-401A-4097-8B4D-0EE34FB36E20} = {6D9BC4D8-F822-4A5F-959D-1C68C9EFF463}
		{98437292-7872-4B8D-BCEA-3BAA5E537AC1} = {6D9BC4D8-F822-4A5F-959D-1C68C9EFF463}
		{0DAECC57-3912-4858-A9F8-09C7349697AD} = {6D9BC4D8-F822-4A5F-959D-1C68C9EFF463}
		{42FEB8D5-941B-4535-8251-8A5378D2B7FC} = {21F2B904-1FFB-4063-BEA4-55862A4E04D8}
		{E7DB7569-E513-4E74-BCDA-FD3D51F411D6} = {6D9BC4D8-F822-4A5F-959D-1C68C9EFF463}
		{BA257C36-B042-4AF8-8AD7-2DCFCBED8939} = {2E95407D-ABAF-4607-961D-EC2CDE25267B}
		{8EFBC7B1-2C1E-4675-9E98-A11152AA1E68} = {E54DA85A-D59B-4C95-A280-45C5A64F75AB}
		{5BF9130B-B95E-4A38-AFA1-48EC87E11866} = {E54DA85A-D59B-4C95-A280-45C5A64F75AB}
		{B6EFBC45-2344-49EE-9FE6-19C88D7DA78B} = {E54DA85A-D59B-4C95-A280-45C5A64F75AB}
		{55FAE6C8-B59E-4258-8204-EB8F49718228} = {2E95407D-ABAF-4607-961D-EC2CDE25267B}
		{7A8C9CFD-F60F-4708-A956-BB95DACC12C9} = {2E95407D-ABAF-4607-961D-EC2CDE25267B}
		{8403D7B6-8B12-498E-880E-514EF1796BC9} = {2E95407D-ABAF-4607-961D-EC2CDE25267B}
	EndGlobalSection
	GlobalSection(ExtensibilityGlobals) = postSolution
		SolutionGuid = {200BB530-24EE-4704-A0C2-4430769AC89B}
	EndGlobalSection
EndGlobal
