
Microsoft Visual Studio Solution File, Format Version 12.00
# Visual Studio Version 18
VisualStudioVersion = 18.1.11312.151
MinimumVisualStudioVersion = 10.0.40219.1
Project("{FAE04EC0-301F-11D3-BF4B-00C04F79EFBC}") = "SqlQueryBuilder.ApiGateway", "SqlQueryBuilder.Api\SqlQueryBuilder.ApiGateway.csproj", "{437A8129-5362-4C14-97B6-0B3EBD0AA76B}"
EndProject
Project("{2150E333-8FDC-42A3-9474-1A3956D46DE8}") = "src", "src", "{7F8BC835-3664-458E-A51E-0B46A34E7369}"
EndProject
Project("{FAE04EC0-301F-11D3-BF4B-00C04F79EFBC}") = "SqlQueryBuilder.UnitTests", "SqlQueryBuilder.UnitTests\SqlQueryBuilder.UnitTests.csproj", "{A3762E9F-B516-4A27-A341-BFD76698B17C}"
EndProject
Project("{2150E333-8FDC-42A3-9474-1A3956D46DE8}") = "test", "test", "{2E95407D-ABAF-4607-961D-EC2CDE25267B}"
EndProject
Project("{FAE04EC0-301F-11D3-BF4B-00C04F79EFBC}") = "SqlQueryBuilder.Auth", "SqlQueryBuilder.Auth\SqlQueryBuilder.Auth.csproj", "{059821D9-DFC5-48D1-8299-F574F00EC6EA}"
EndProject
Project("{FAE04EC0-301F-11D3-BF4B-00C04F79EFBC}") = "SqlQueryBuilder.Shared", "SqlQueryBuilder.Shared\SqlQueryBuilder.Shared.csproj", "{85CBD9F2-6A8C-4263-9D6A-0D4011331AAC}"
EndProject
Project("{FAE04EC0-301F-11D3-BF4B-00C04F79EFBC}") = "SqlQueryBuilder.QueryExecution", "SqlQueryBuilder.QueryExecution\SqlQueryBuilder.QueryExecution.csproj", "{2319B47F-0520-4DC7-9533-9408FF95722E}"
EndProject
Project("{FAE04EC0-301F-11D3-BF4B-00C04F79EFBC}") = "SqlQueryBuilder.Compiler", "SqlQueryBuilder.Compiler\SqlQueryBuilder.Compiler.csproj", "{97C89F2A-0E97-420B-A4A2-42A5C29C6904}"
EndProject
Global
	GlobalSection(SolutionConfigurationPlatforms) = preSolution
		Debug|Any CPU = Debug|Any CPU
		Release|Any CPU = Release|Any CPU
	EndGlobalSection
	GlobalSection(ProjectConfigurationPlatforms) = postSolution
		{437A8129-5362-4C14-97B6-0B3EBD0AA76B}.Debug|Any CPU.ActiveCfg = Debug|Any CPU
		{437A8129-5362-4C14-97B6-0B3EBD0AA76B}.Debug|Any CPU.Build.0 = Debug|Any CPU
		{437A8129-5362-4C14-97B6-0B3EBD0AA76B}.Release|Any CPU.ActiveCfg = Release|Any CPU
		{437A8129-5362-4C14-97B6-0B3EBD0AA76B}.Release|Any CPU.Build.0 = Release|Any CPU
		{A3762E9F-B516-4A27-A341-BFD76698B17C}.Debug|Any CPU.ActiveCfg = Debug|Any CPU
		{A3762E9F-B516-4A27-A341-BFD76698B17C}.Debug|Any CPU.Build.0 = Debug|Any CPU
		{A3762E9F-B516-4A27-A341-BFD76698B17C}.Release|Any CPU.ActiveCfg = Release|Any CPU
		{A3762E9F-B516-4A27-A341-BFD76698B17C}.Release|Any CPU.Build.0 = Release|Any CPU
		{059821D9-DFC5-48D1-8299-F574F00EC6EA}.Debug|Any CPU.ActiveCfg = Debug|Any CPU
		{059821D9-DFC5-48D1-8299-F574F00EC6EA}.Debug|Any CPU.Build.0 = Debug|Any CPU
		{059821D9-DFC5-48D1-8299-F574F00EC6EA}.Release|Any CPU.ActiveCfg = Release|Any CPU
		{059821D9-DFC5-48D1-8299-F574F00EC6EA}.Release|Any CPU.Build.0 = Release|Any CPU
		{85CBD9F2-6A8C-4263-9D6A-0D4011331AAC}.Debug|Any CPU.ActiveCfg = Debug|Any CPU
		{85CBD9F2-6A8C-4263-9D6A-0D4011331AAC}.Debug|Any CPU.Build.0 = Debug|Any CPU
		{85CBD9F2-6A8C-4263-9D6A-0D4011331AAC}.Release|Any CPU.ActiveCfg = Release|Any CPU
		{85CBD9F2-6A8C-4263-9D6A-0D4011331AAC}.Release|Any CPU.Build.0 = Release|Any CPU
		{2319B47F-0520-4DC7-9533-9408FF95722E}.Debug|Any CPU.ActiveCfg = Debug|Any CPU
		{2319B47F-0520-4DC7-9533-9408FF95722E}.Debug|Any CPU.Build.0 = Debug|Any CPU
		{2319B47F-0520-4DC7-9533-9408FF95722E}.Release|Any CPU.ActiveCfg = Release|Any CPU
		{2319B47F-0520-4DC7-9533-9408FF95722E}.Release|Any CPU.Build.0 = Release|Any CPU
		{97C89F2A-0E97-420B-A4A2-42A5C29C6904}.Debug|Any CPU.ActiveCfg = Debug|Any CPU
		{97C89F2A-0E97-420B-A4A2-42A5C29C6904}.Debug|Any CPU.Build.0 = Debug|Any CPU
		{97C89F2A-0E97-420B-A4A2-42A5C29C6904}.Release|Any CPU.ActiveCfg = Release|Any CPU
		{97C89F2A-0E97-420B-A4A2-42A5C29C6904}.Release|Any CPU.Build.0 = Release|Any CPU
	EndGlobalSection
	GlobalSection(SolutionProperties) = preSolution
		HideSolutionNode = FALSE
	EndGlobalSection
	GlobalSection(NestedProjects) = preSolution
		{437A8129-5362-4C14-97B6-0B3EBD0AA76B} = {7F8BC835-3664-458E-A51E-0B46A34E7369}
		{A3762E9F-B516-4A27-A341-BFD76698B17C} = {2E95407D-ABAF-4607-961D-EC2CDE25267B}
		{059821D9-DFC5-48D1-8299-F574F00EC6EA} = {7F8BC835-3664-458E-A51E-0B46A34E7369}
		{85CBD9F2-6A8C-4263-9D6A-0D4011331AAC} = {7F8BC835-3664-458E-A51E-0B46A34E7369}
		{2319B47F-0520-4DC7-9533-9408FF95722E} = {7F8BC835-3664-458E-A51E-0B46A34E7369}
		{97C89F2A-0E97-420B-A4A2-42A5C29C6904} = {7F8BC835-3664-458E-A51E-0B46A34E7369}
	EndGlobalSection
	GlobalSection(ExtensibilityGlobals) = postSolution
		SolutionGuid = {200BB530-24EE-4704-A0C2-4430769AC89B}
	EndGlobalSection
EndGlobal
